// !$*UTF8*$!
{
	archiveVersion = 1;
	classes = {
	};
	objectVersion = 46;
	objects = {

/* Begin PBXBuildFile section */
		681345E31BAFFD9C00FF8887 /* main.m in Sources */ = {isa = PBXBuildFile; fileRef = 681345E21BAFFD9C00FF8887 /* main.m */; };
		681345E61BAFFD9C00FF8887 /* AppDelegate.m in Sources */ = {isa = PBXBuildFile; fileRef = 681345E51BAFFD9C00FF8887 /* AppDelegate.m */; };
		681345E91BAFFD9C00FF8887 /* ViewController.m in Sources */ = {isa = PBXBuildFile; fileRef = 681345E81BAFFD9C00FF8887 /* ViewController.m */; };
		681345EC1BAFFD9C00FF8887 /* Main.storyboard in Resources */ = {isa = PBXBuildFile; fileRef = 681345EA1BAFFD9C00FF8887 /* Main.storyboard */; };
		681345EE1BAFFD9C00FF8887 /* Images.xcassets in Resources */ = {isa = PBXBuildFile; fileRef = 681345ED1BAFFD9C00FF8887 /* Images.xcassets */; };
		681345F11BAFFD9C00FF8887 /* LaunchScreen.xib in Resources */ = {isa = PBXBuildFile; fileRef = 681345EF1BAFFD9C00FF8887 /* LaunchScreen.xib */; };
		681345FD1BAFFD9C00FF8887 /* KTImageBrowseDemoTests.m in Sources */ = {isa = PBXBuildFile; fileRef = 681345FC1BAFFD9C00FF8887 /* KTImageBrowseDemoTests.m */; };
/* End PBXBuildFile section */

/* Begin PBXContainerItemProxy section */
		681345F71BAFFD9C00FF8887 /* PBXContainerItemProxy */ = {
			isa = PBXContainerItemProxy;
			containerPortal = 681345D51BAFFD9C00FF8887 /* Project object */;
			proxyType = 1;
			remoteGlobalIDString = 681345DC1BAFFD9C00FF8887;
			remoteInfo = KTImageBrowseDemo;
		};
/* End PBXContainerItemProxy section */

/* Begin PBXFileReference section */
		681345DD1BAFFD9C00FF8887 /* KTImageBrowseDemo.app */ = {isa = PBXFileReference; explicitFileType = wrapper.application; includeInIndex = 0; path = KTImageBrowseDemo.app; sourceTree = BUILT_PRODUCTS_DIR; };
		681345E11BAFFD9C00FF8887 /* Info.plist */ = {isa = PBXFileReference; lastKnownFileType = text.plist.xml; path = Info.plist; sourceTree = "<group>"; };
		681345E21BAFFD9C00FF8887 /* main.m */ = {isa = PBXFileReference; lastKnownFileType = sourcecode.c.objc; path = main.m; sourceTree = "<group>"; };
		681345E41BAFFD9C00FF8887 /* AppDelegate.h */ = {isa = PBXFileReference; lastKnownFileType = sourcecode.c.h; path = AppDelegate.h; sourceTree = "<group>"; };
		681345E51BAFFD9C00FF8887 /* AppDelegate.m */ = {isa = PBXFileReference; lastKnownFileType = sourcecode.c.objc; path = AppDelegate.m; sourceTree = "<group>"; };
		681345E71BAFFD9C00FF8887 /* ViewController.h */ = {isa = PBXFileReference; lastKnownFileType = sourcecode.c.h; path = ViewController.h; sourceTree = "<group>"; };
		681345E81BAFFD9C00FF8887 /* ViewController.m */ = {isa = PBXFileReference; lastKnownFileType = sourcecode.c.objc; path = ViewController.m; sourceTree = "<group>"; };
		681345EB1BAFFD9C00FF8887 /* Base */ = {isa = PBXFileReference; lastKnownFileType = file.storyboard; name = Base; path = Base.lproj/Main.storyboard; sourceTree = "<group>"; };
		681345ED1BAFFD9C00FF8887 /* Images.xcassets */ = {isa = PBXFileReference; lastKnownFileType = folder.assetcatalog; path = Images.xcassets; sourceTree = "<group>"; };
		681345F01BAFFD9C00FF8887 /* Base */ = {isa = PBXFileReference; lastKnownFileType = file.xib; name = Base; path = Base.lproj/LaunchScreen.xib; sourceTree = "<group>"; };
		681345F61BAFFD9C00FF8887 /* KTImageBrowseDemoTests.xctest */ = {isa = PBXFileReference; explicitFileType = wrapper.cfbundle; includeInIndex = 0; path = KTImageBrowseDemoTests.xctest; sourceTree = BUILT_PRODUCTS_DIR; };
		681345FB1BAFFD9C00FF8887 /* Info.plist */ = {isa = PBXFileReference; lastKnownFileType = text.plist.xml; path = Info.plist; sourceTree = "<group>"; };
		681345FC1BAFFD9C00FF8887 /* KTImageBrowseDemoTests.m */ = {isa = PBXFileReference; lastKnownFileType = sourcecode.c.objc; path = KTImageBrowseDemoTests.m; sourceTree = "<group>"; };
/* End PBXFileReference section */

/* Begin PBXFrameworksBuildPhase section */
		681345DA1BAFFD9C00FF8887 /* Frameworks */ = {
			isa = PBXFrameworksBuildPhase;
			buildActionMask = 2147483647;
			files = (
			);
			runOnlyForDeploymentPostprocessing = 0;
		};
		681345F31BAFFD9C00FF8887 /* Frameworks */ = {
			isa = PBXFrameworksBuildPhase;
			buildActionMask = 2147483647;
			files = (
			);
			runOnlyForDeploymentPostprocessing = 0;
		};
/* End PBXFrameworksBuildPhase section */

/* Begin PBXGroup section */
		681345D41BAFFD9C00FF8887 = {
			isa = PBXGroup;
			children = (
				681345DF1BAFFD9C00FF8887 /* KTImageBrowseDemo */,
				681345F91BAFFD9C00FF8887 /* KTImageBrowseDemoTests */,
				681345DE1BAFFD9C00FF8887 /* Products */,
			);
			sourceTree = "<group>";
		};
		681345DE1BAFFD9C00FF8887 /* Products */ = {
			isa = PBXGroup;
			children = (
				681345DD1BAFFD9C00FF8887 /* KTImageBrowseDemo.app */,
				681345F61BAFFD9C00FF8887 /* KTImageBrowseDemoTests.xctest */,
			);
			name = Products;
			sourceTree = "<group>";
		};
		681345DF1BAFFD9C00FF8887 /* KTImageBrowseDemo */ = {
			isa = PBXGroup;
			children = (
				681345E41BAFFD9C00FF8887 /* AppDelegate.h */,
				681345E51BAFFD9C00FF8887 /* AppDelegate.m */,
				681345E71BAFFD9C00FF8887 /* ViewController.h */,
				681345E81BAFFD9C00FF8887 /* ViewController.m */,
				681345EA1BAFFD9C00FF8887 /* Main.storyboard */,
				681345ED1BAFFD9C00FF8887 /* Images.xcassets */,
				681345EF1BAFFD9C00FF8887 /* LaunchScreen.xib */,
				681345E01BAFFD9C00FF8887 /* Supporting Files */,
			);
			path = KTImageBrowseDemo;
			sourceTree = "<group>";
		};
		681345E01BAFFD9C00FF8887 /* Supporting Files */ = {
			isa = PBXGroup;
			children = (
				681345E11BAFFD9C00FF8887 /* Info.plist */,
				681345E21BAFFD9C00FF8887 /* main.m */,
			);
			name = "Supporting Files";
			sourceTree = "<group>";
		};
		681345F91BAFFD9C00FF8887 /* KTImageBrowseDemoTests */ = {
			isa = PBXGroup;
			children = (
				681345FC1BAFFD9C00FF8887 /* KTImageBrowseDemoTests.m */,
				681345FA1BAFFD9C00FF8887 /* Supporting Files */,
			);
			path = KTImageBrowseDemoTests;
			sourceTree = "<group>";
		};
		681345FA1BAFFD9C00FF8887 /* Supporting Files */ = {
			isa = PBXGroup;
			children = (
				681345FB1BAFFD9C00FF8887 /* Info.plist */,
			);
			name = "Supporting Files";
			sourceTree = "<group>";
		};
/* End PBXGroup section */

/* Begin PBXNativeTarget section */
		681345DC1BAFFD9C00FF8887 /* KTImageBrowseDemo */ = {
			isa = PBXNativeTarget;
			buildConfigurationList = 681346001BAFFD9C00FF8887 /* Build configuration list for PBXNativeTarget "KTImageBrowseDemo" */;
			buildPhases = (
				681345D91BAFFD9C00FF8887 /* Sources */,
				681345DA1BAFFD9C00FF8887 /* Frameworks */,
				681345DB1BAFFD9C00FF8887 /* Resources */,
			);
			buildRules = (
			);
			dependencies = (
			);
			name = KTImageBrowseDemo;
			productName = KTImageBrowseDemo;
			productReference = 681345DD1BAFFD9C00FF8887 /* KTImageBrowseDemo.app */;
			productType = "com.apple.product-type.application";
		};
		681345F51BAFFD9C00FF8887 /* KTImageBrowseDemoTests */ = {
			isa = PBXNativeTarget;
			buildConfigurationList = 681346031BAFFD9C00FF8887 /* Build configuration list for PBXNativeTarget "KTImageBrowseDemoTests" */;
			buildPhases = (
				681345F21BAFFD9C00FF8887 /* Sources */,
				681345F31BAFFD9C00FF8887 /* Frameworks */,
				681345F41BAFFD9C00FF8887 /* Resources */,
			);
			buildRules = (
			);
			dependencies = (
				681345F81BAFFD9C00FF8887 /* PBXTargetDependency */,
			);
			name = KTImageBrowseDemoTests;
			productName = KTImageBrowseDemoTests;
			productReference = 681345F61BAFFD9C00FF8887 /* KTImageBrowseDemoTests.xctest */;
			productType = "com.apple.product-type.bundle.unit-test";
		};
/* End PBXNativeTarget section */

/* Begin PBXProject section */
		681345D51BAFFD9C00FF8887 /* Project object */ = {
			isa = PBXProject;
			attributes = {
				LastUpgradeCheck = 0640;
				ORGANIZATIONNAME = KT;
				TargetAttributes = {
					681345DC1BAFFD9C00FF8887 = {
						CreatedOnToolsVersion = 6.4;
					};
					681345F51BAFFD9C00FF8887 = {
						CreatedOnToolsVersion = 6.4;
						TestTargetID = 681345DC1BAFFD9C00FF8887;
					};
				};
			};
			buildConfigurationList = 681345D81BAFFD9C00FF8887 /* Build configuration list for PBXProject "KTImageBrowseDemo" */;
			compatibilityVersion = "Xcode 3.2";
			developmentRegion = English;
			hasScannedForEncodings = 0;
			knownRegions = (
				en,
				Base,
			);
			mainGroup = 681345D41BAFFD9C00FF8887;
			productRefGroup = 681345DE1BAFFD9C00FF8887 /* Products */;
			projectDirPath = "";
			projectRoot = "";
			targets = (
				681345DC1BAFFD9C00FF8887 /* KTImageBrowseDemo */,
				681345F51BAFFD9C00FF8887 /* KTImageBrowseDemoTests */,
			);
		};
/* End PBXProject section */

/* Begin PBXResourcesBuildPhase section */
		681345DB1BAFFD9C00FF8887 /* Resources */ = {
			isa = PBXResourcesBuildPhase;
			buildActionMask = 2147483647;
			files = (
				681345EC1BAFFD9C00FF8887 /* Main.storyboard in Resources */,
				681345F11BAFFD9C00FF8887 /* LaunchScreen.xib in Resources */,
				681345EE1BAFFD9C00FF8887 /* Images.xcassets in Resources */,
			);
			runOnlyForDeploymentPostprocessing = 0;
		};
		681345F41BAFFD9C00FF8887 /* Resources */ = {
			isa = PBXResourcesBuildPhase;
			buildActionMask = 2147483647;
			files = (
			);
			runOnlyForDeploymentPostprocessing = 0;
		};
/* End PBXResourcesBuildPhase section */

/* Begin PBXSourcesBuildPhase section */
		681345D91BAFFD9C00FF8887 /* Sources */ = {
			isa = PBXSourcesBuildPhase;
			buildActionMask = 2147483647;
			files = (
				681345E91BAFFD9C00FF8887 /* ViewController.m in Sources */,
				681345E61BAFFD9C00FF8887 /* AppDelegate.m in Sources */,
				681345E31BAFFD9C00FF8887 /* main.m in Sources */,
			);
			runOnlyForDeploymentPostprocessing = 0;
		};
		681345F21BAFFD9C00FF8887 /* Sources */ = {
			isa = PBXSourcesBuildPhase;
			buildActionMask = 2147483647;
			files = (
				681345FD1BAFFD9C00FF8887 /* KTImageBrowseDemoTests.m in Sources */,
			);
			runOnlyForDeploymentPostprocessing = 0;
		};
/* End PBXSourcesBuildPhase section */

/* Begin PBXTargetDependency section */
		681345F81BAFFD9C00FF8887 /* PBXTargetDependency */ = {
			isa = PBXTargetDependency;
			target = 681345DC1BAFFD9C00FF8887 /* KTImageBrowseDemo */;
			targetProxy = 681345F71BAFFD9C00FF8887 /* PBXContainerItemProxy */;
		};
/* End PBXTargetDependency section */

/* Begin PBXVariantGroup section */
		681345EA1BAFFD9C00FF8887 /* Main.storyboard */ = {
			isa = PBXVariantGroup;
			children = (
				681345EB1BAFFD9C00FF8887 /* Base */,
			);
			name = Main.storyboard;
			sourceTree = "<group>";
		};
		681345EF1BAFFD9C00FF8887 /* LaunchScreen.xib */ = {
			isa = PBXVariantGroup;
			children = (
				681345F01BAFFD9C00FF8887 /* Base */,
			);
			name = LaunchScreen.xib;
			sourceTree = "<group>";
		};
/* End PBXVariantGroup section */

/* Begin XCBuildConfiguration section */
		681345FE1BAFFD9C00FF8887 /* Debug */ = {
			isa = XCBuildConfiguration;
			buildSettings = {
				ALWAYS_SEARCH_USER_PATHS = NO;
				CLANG_CXX_LANGUAGE_STANDARD = "gnu++0x";
				CLANG_CXX_LIBRARY = "libc++";
				CLANG_ENABLE_MODULES = YES;
				CLANG_ENABLE_OBJC_ARC = YES;
				CLANG_WARN_BOOL_CONVERSION = YES;
				CLANG_WARN_CONSTANT_CONVERSION = YES;
				CLANG_WARN_DIRECT_OBJC_ISA_USAGE = YES_ERROR;
				CLANG_WARN_EMPTY_BODY = YES;
				CLANG_WARN_ENUM_CONVERSION = YES;
				CLANG_WARN_INT_CONVERSION = YES;
				CLANG_WARN_OBJC_ROOT_CLASS = YES_ERROR;
				CLANG_WARN_UNREACHABLE_CODE = YES;
				CLANG_WARN__DUPLICATE_METHOD_MATCH = YES;
				"CODE_SIGN_IDENTITY[sdk=iphoneos*]" = "iPhone Developer";
				COPY_PHASE_STRIP = NO;
				DEBUG_INFORMATION_FORMAT = "dwarf-with-dsym";
				ENABLE_STRICT_OBJC_MSGSEND = YES;
				GCC_C_LANGUAGE_STANDARD = gnu99;
				GCC_DYNAMIC_NO_PIC = NO;
				GCC_NO_COMMON_BLOCKS = YES;
				GCC_OPTIMIZATION_LEVEL = 0;
				GCC_PREPROCESSOR_DEFINITIONS = (
					"DEBUG=1",
					"$(inherited)",
				);
				GCC_SYMBOLS_PRIVATE_EXTERN = NO;
				GCC_WARN_64_TO_32_BIT_CONVERSION = YES;
				GCC_WARN_ABOUT_RETURN_TYPE = YES_ERROR;
				GCC_WARN_UNDECLARED_SELECTOR = YES;
				GCC_WARN_UNINITIALIZED_AUTOS = YES_AGGRESSIVE;
				GCC_WARN_UNUSED_FUNCTION = YES;
				GCC_WARN_UNUSED_VARIABLE = YES;
				IPHONEOS_DEPLOYMENT_TARGET = 8.4;
				MTL_ENABLE_DEBUG_INFO = YES;
				ONLY_ACTIVE_ARCH = YES;
				SDKROOT = iphoneos;
			};
			name = Debug;
		};
		681345FF1BAFFD9C00FF8887 /* Release */ = {
			isa = XCBuildConfiguration;
			buildSettings = {
				ALWAYS_SEARCH_USER_PATHS = NO;
				CLANG_CXX_LANGUAGE_STANDARD = "gnu++0x";
				CLANG_CXX_LIBRARY = "libc++";
				CLANG_ENABLE_MODULES = YES;
				CLANG_ENABLE_OBJC_ARC = YES;
				CLANG_WARN_BOOL_CONVERSION = YES;
				CLANG_WARN_CONSTANT_CONVERSION = YES;
				CLANG_WARN_DIRECT_OBJC_ISA_USAGE = YES_ERROR;
				CLANG_WARN_EMPTY_BODY = YES;
				CLANG_WARN_ENUM_CONVERSION = YES;
				CLANG_WARN_INT_CONVERSION = YES;
				CLANG_WARN_OBJC_ROOT_CLASS = YES_ERROR;
				CLANG_WARN_UNREACHABLE_CODE = YES;
				CLANG_WARN__DUPLICATE_METHOD_MATCH = YES;
				"CODE_SIGN_IDENTITY[sdk=iphoneos*]" = "iPhone Developer";
				COPY_PHASE_STRIP = NO;
				DEBUG_INFORMATION_FORMAT = "dwarf-with-dsym";
				ENABLE_NS_ASSERTIONS = NO;
				ENABLE_STRICT_OBJC_MSGSEND = YES;
				GCC_C_LANGUAGE_STANDARD = gnu99;
				GCC_NO_COMMON_BLOCKS = YES;
				GCC_WARN_64_TO_32_BIT_CONVERSION = YES;
				GCC_WARN_ABOUT_RETURN_TYPE = YES_ERROR;
				GCC_WARN_UNDECLARED_SELECTOR = YES;
				GCC_WARN_UNINITIALIZED_AUTOS = YES_AGGRESSIVE;
				GCC_WARN_UNUSED_FUNCTION = YES;
				GCC_WARN_UNUSED_VARIABLE = YES;
				IPHONEOS_DEPLOYMENT_TARGET = 8.4;
				MTL_ENABLE_DEBUG_INFO = NO;
				SDKROOT = iphoneos;
				VALIDATE_PRODUCT = YES;
			};
			name = Release;
		};
		681346011BAFFD9C00FF8887 /* Debug */ = {
			isa = XCBuildConfiguration;
			buildSettings = {
				ASSETCATALOG_COMPILER_APPICON_NAME = AppIcon;
				INFOPLIST_FILE = KTImageBrowseDemo/Info.plist;
				LD_RUNPATH_SEARCH_PATHS = "$(inherited) @executable_path/Frameworks";
				PRODUCT_NAME = "$(TARGET_NAME)";
			};
			name = Debug;
		};
		681346021BAFFD9C00FF8887 /* Release */ = {
			isa = XCBuildConfiguration;
			buildSettings = {
				ASSETCATALOG_COMPILER_APPICON_NAME = AppIcon;
				INFOPLIST_FILE = KTImageBrowseDemo/Info.plist;
				LD_RUNPATH_SEARCH_PATHS = "$(inherited) @executable_path/Frameworks";
				PRODUCT_NAME = "$(TARGET_NAME)";
			};
			name = Release;
		};
		681346041BAFFD9C00FF8887 /* Debug */ = {
			isa = XCBuildConfiguration;
			buildSettings = {
				BUNDLE_LOADER = "$(TEST_HOST)";
				FRAMEWORK_SEARCH_PATHS = (
					"$(SDKROOT)/Developer/Library/Frameworks",
					"$(inherited)",
				);
				GCC_PREPROCESSOR_DEFINITIONS = (
					"DEBUG=1",
					"$(inherited)",
				);
				INFOPLIST_FILE = KTImageBrowseDemoTests/Info.plist;
				LD_RUNPATH_SEARCH_PATHS = "$(inherited) @executable_path/Frameworks @loader_path/Frameworks";
				PRODUCT_NAME = "$(TARGET_NAME)";
				TEST_HOST = "$(BUILT_PRODUCTS_DIR)/KTImageBrowseDemo.app/KTImageBrowseDemo";
			};
			name = Debug;
		};
		681346051BAFFD9C00FF8887 /* Release */ = {
			isa = XCBuildConfiguration;
			buildSettings = {
				BUNDLE_LOADER = "$(TEST_HOST)";
				FRAMEWORK_SEARCH_PATHS = (
					"$(SDKROOT)/Developer/Library/Frameworks",
					"$(inherited)",
				);
				INFOPLIST_FILE = KTImageBrowseDemoTests/Info.plist;
				LD_RUNPATH_SEARCH_PATHS = "$(inherited) @executable_path/Frameworks @loader_path/Frameworks";
				PRODUCT_NAME = "$(TARGET_NAME)";
				TEST_HOST = "$(BUILT_PRODUCTS_DIR)/KTImageBrowseDemo.app/KTImageBrowseDemo";
			};
			name = Release;
		};
/* End XCBuildConfiguration section */

/* Begin XCConfigurationList section */
		681345D81BAFFD9C00FF8887 /* Build configuration list for PBXProject "KTImageBrowseDemo" */ = {
			isa = XCConfigurationList;
			buildConfigurations = (
				681345FE1BAFFD9C00FF8887 /* Debug */,
				681345FF1BAFFD9C00FF8887 /* Release */,
			);
			defaultConfigurationIsVisible = 0;
			defaultConfigurationName = Release;
		};
		681346001BAFFD9C00FF8887 /* Build configuration list for PBXNativeTarget "KTImageBrowseDemo" */ = {
			isa = XCConfigurationList;
			buildConfigurations = (
				681346011BAFFD9C00FF8887 /* Debug */,
				681346021BAFFD9C00FF8887 /* Release */,
			);
			defaultConfigurationIsVisible = 0;
		};
		681346031BAFFD9C00FF8887 /* Build configuration list for PBXNativeTarget "KTImageBrowseDemoTests" */ = {
			isa = XCConfigurationList;
			buildConfigurations = (
				681346041BAFFD9C00FF8887 /* Debug */,
				681346051BAFFD9C00FF8887 /* Release */,
			);
			defaultConfigurationIsVisible = 0;
		};
/* End XCConfigurationList section */
	};
	rootObject = 681345D51BAFFD9C00FF8887 /* Project object */;
}
