// !$*UTF8*$!
{
	archiveVersion = 1;
	classes = {
	};
	objectVersion = 46;
	objects = {

/* Begin PBXBuildFile section */
		3BDC437BC0C9E662D0CAE88B /* libPods.a in Frameworks */ = {isa = PBXBuildFile; fileRef = F2D484EE6D5BDBA967252176 /* libPods.a */; };
		681345EC1BAFFD9C00FF8887 /* Main.storyboard in Resources */ = {isa = PBXBuildFile; fileRef = 681345EA1BAFFD9C00FF8887 /* Main.storyboard */; };
		681345F11BAFFD9C00FF8887 /* LaunchScreen.xib in Resources */ = {isa = PBXBuildFile; fileRef = 681345EF1BAFFD9C00FF8887 /* LaunchScreen.xib */; };
		681345FD1BAFFD9C00FF8887 /* KTImageBrowseDemoTests.m in Sources */ = {isa = PBXBuildFile; fileRef = 681345FC1BAFFD9C00FF8887 /* KTImageBrowseDemoTests.m */; };
		681346201BAFFE2800FF8887 /* appIcon60.png in Resources */ = {isa = PBXBuildFile; fileRef = 6813460B1BAFFE2800FF8887 /* appIcon60.png */; };
		687466D81BD47716004C309D /* Images.xcassets in Resources */ = {isa = PBXBuildFile; fileRef = 687466D71BD47716004C309D /* Images.xcassets */; settings = {ASSET_TAGS = (); }; };
		68BF03B01BD0F38100825F0F /* KTBrowseViewController.m in Sources */ = {isa = PBXBuildFile; fileRef = 6813460D1BAFFE2800FF8887 /* KTBrowseViewController.m */; };
		68BF03B11BD0F38100825F0F /* KTDownloadPicViewController.m in Sources */ = {isa = PBXBuildFile; fileRef = 6813460F1BAFFE2800FF8887 /* KTDownloadPicViewController.m */; };
		68BF03B21BD0F38100825F0F /* KTImageData.m in Sources */ = {isa = PBXBuildFile; fileRef = 681346111BAFFE2800FF8887 /* KTImageData.m */; };
		68BF03B31BD0F38100825F0F /* KTImageModel.m in Sources */ = {isa = PBXBuildFile; fileRef = 681346131BAFFE2800FF8887 /* KTImageModel.m */; };
		68BF03B41BD0F38100825F0F /* KTImgScrollView.m in Sources */ = {isa = PBXBuildFile; fileRef = 681346151BAFFE2800FF8887 /* KTImgScrollView.m */; };
		68BF03B51BD0F38100825F0F /* KTImageBrowse.m in Sources */ = {isa = PBXBuildFile; fileRef = 681346171BAFFE2800FF8887 /* KTImageBrowse.m */; };
		68BF03B61BD0F38100825F0F /* KTimageMaskView.m in Sources */ = {isa = PBXBuildFile; fileRef = 681346191BAFFE2800FF8887 /* KTimageMaskView.m */; };
		68BF03B71BD0F38100825F0F /* KTScrollViewController.m in Sources */ = {isa = PBXBuildFile; fileRef = 6813461B1BAFFE2800FF8887 /* KTScrollViewController.m */; };
		68BF03B81BD0F38100825F0F /* KTSmallImage.m in Sources */ = {isa = PBXBuildFile; fileRef = 6813461D1BAFFE2800FF8887 /* KTSmallImage.m */; };
		68BF03B91BD0F38100825F0F /* AppDelegate.m in Sources */ = {isa = PBXBuildFile; fileRef = 681345E51BAFFD9C00FF8887 /* AppDelegate.m */; };
		68BF03BA1BD0F38100825F0F /* ViewController.m in Sources */ = {isa = PBXBuildFile; fileRef = 681345E81BAFFD9C00FF8887 /* ViewController.m */; };
		68BF03BB1BD0F3A200825F0F /* main.m in Sources */ = {isa = PBXBuildFile; fileRef = 681345E21BAFFD9C00FF8887 /* main.m */; };
/* End PBXBuildFile section */

/* Begin PBXContainerItemProxy section */
		681345F71BAFFD9C00FF8887 /* PBXContainerItemProxy */ = {
			isa = PBXContainerItemProxy;
			containerPortal = 681345D51BAFFD9C00FF8887 /* Project object */;
			proxyType = 1;
			remoteGlobalIDString = 681345DC1BAFFD9C00FF8887;
			remoteInfo = KTImageBrowseDemo;
		};
/* End PBXContainerItemProxy section */

/* Begin PBXFileReference section */
		5721FBF6652E6BA723CEF7F5 /* Pods.debug.xcconfig */ = {isa = PBXFileReference; includeInIndex = 1; lastKnownFileType = text.xcconfig; name = Pods.debug.xcconfig; path = "Pods/Target Support Files/Pods/Pods.debug.xcconfig"; sourceTree = "<group>"; };
		681345DD1BAFFD9C00FF8887 /* KTImageBrowseDemo.app */ = {isa = PBXFileReference; explicitFileType = wrapper.application; includeInIndex = 0; path = KTImageBrowseDemo.app; sourceTree = BUILT_PRODUCTS_DIR; };
		681345E11BAFFD9C00FF8887 /* Info.plist */ = {isa = PBXFileReference; lastKnownFileType = text.plist.xml; path = Info.plist; sourceTree = "<group>"; };
		681345E21BAFFD9C00FF8887 /* main.m */ = {isa = PBXFileReference; lastKnownFileType = sourcecode.c.objc; path = main.m; sourceTree = "<group>"; };
		681345E41BAFFD9C00FF8887 /* AppDelegate.h */ = {isa = PBXFileReference; lastKnownFileType = sourcecode.c.h; path = AppDelegate.h; sourceTree = "<group>"; };
		681345E51BAFFD9C00FF8887 /* AppDelegate.m */ = {isa = PBXFileReference; lastKnownFileType = sourcecode.c.objc; path = AppDelegate.m; sourceTree = "<group>"; };
		681345E71BAFFD9C00FF8887 /* ViewController.h */ = {isa = PBXFileReference; lastKnownFileType = sourcecode.c.h; path = ViewController.h; sourceTree = "<group>"; };
		681345E81BAFFD9C00FF8887 /* ViewController.m */ = {isa = PBXFileReference; lastKnownFileType = sourcecode.c.objc; path = ViewController.m; sourceTree = "<group>"; };
		681345EB1BAFFD9C00FF8887 /* Base */ = {isa = PBXFileReference; lastKnownFileType = file.storyboard; name = Base; path = Base.lproj/Main.storyboard; sourceTree = "<group>"; };
		681345F01BAFFD9C00FF8887 /* Base */ = {isa = PBXFileReference; lastKnownFileType = file.xib; name = Base; path = Base.lproj/LaunchScreen.xib; sourceTree = "<group>"; };
		681345F61BAFFD9C00FF8887 /* KTImageBrowseDemoTests.xctest */ = {isa = PBXFileReference; explicitFileType = wrapper.cfbundle; includeInIndex = 0; path = KTImageBrowseDemoTests.xctest; sourceTree = BUILT_PRODUCTS_DIR; };
		681345FB1BAFFD9C00FF8887 /* Info.plist */ = {isa = PBXFileReference; lastKnownFileType = text.plist.xml; path = Info.plist; sourceTree = "<group>"; };
		681345FC1BAFFD9C00FF8887 /* KTImageBrowseDemoTests.m */ = {isa = PBXFileReference; lastKnownFileType = sourcecode.c.objc; path = KTImageBrowseDemoTests.m; sourceTree = "<group>"; };
		6813460B1BAFFE2800FF8887 /* appIcon60.png */ = {isa = PBXFileReference; lastKnownFileType = image.png; path = appIcon60.png; sourceTree = "<group>"; };
		6813460C1BAFFE2800FF8887 /* KTBrowseViewController.h */ = {isa = PBXFileReference; fileEncoding = 4; lastKnownFileType = sourcecode.c.h; path = KTBrowseViewController.h; sourceTree = "<group>"; };
		6813460D1BAFFE2800FF8887 /* KTBrowseViewController.m */ = {isa = PBXFileReference; fileEncoding = 4; lastKnownFileType = sourcecode.c.objc; path = KTBrowseViewController.m; sourceTree = "<group>"; };
		6813460E1BAFFE2800FF8887 /* KTDownloadPicViewController.h */ = {isa = PBXFileReference; fileEncoding = 4; lastKnownFileType = sourcecode.c.h; path = KTDownloadPicViewController.h; sourceTree = "<group>"; };
		6813460F1BAFFE2800FF8887 /* KTDownloadPicViewController.m */ = {isa = PBXFileReference; fileEncoding = 4; lastKnownFileType = sourcecode.c.objc; path = KTDownloadPicViewController.m; sourceTree = "<group>"; };
		681346101BAFFE2800FF8887 /* KTImageData.h */ = {isa = PBXFileReference; fileEncoding = 4; lastKnownFileType = sourcecode.c.h; path = KTImageData.h; sourceTree = "<group>"; };
		681346111BAFFE2800FF8887 /* KTImageData.m */ = {isa = PBXFileReference; fileEncoding = 4; lastKnownFileType = sourcecode.c.objc; path = KTImageData.m; sourceTree = "<group>"; };
		681346121BAFFE2800FF8887 /* KTImageModel.h */ = {isa = PBXFileReference; fileEncoding = 4; lastKnownFileType = sourcecode.c.h; path = KTImageModel.h; sourceTree = "<group>"; };
		681346131BAFFE2800FF8887 /* KTImageModel.m */ = {isa = PBXFileReference; fileEncoding = 4; lastKnownFileType = sourcecode.c.objc; path = KTImageModel.m; sourceTree = "<group>"; };
		681346141BAFFE2800FF8887 /* KTImgScrollView.h */ = {isa = PBXFileReference; fileEncoding = 4; lastKnownFileType = sourcecode.c.h; path = KTImgScrollView.h; sourceTree = "<group>"; };
		681346151BAFFE2800FF8887 /* KTImgScrollView.m */ = {isa = PBXFileReference; fileEncoding = 4; lastKnownFileType = sourcecode.c.objc; path = KTImgScrollView.m; sourceTree = "<group>"; };
		681346161BAFFE2800FF8887 /* KTImageBrowse.h */ = {isa = PBXFileReference; fileEncoding = 4; lastKnownFileType = sourcecode.c.h; path = KTImageBrowse.h; sourceTree = "<group>"; };
		681346171BAFFE2800FF8887 /* KTImageBrowse.m */ = {isa = PBXFileReference; fileEncoding = 4; lastKnownFileType = sourcecode.c.objc; path = KTImageBrowse.m; sourceTree = "<group>"; };
		681346181BAFFE2800FF8887 /* KTImageMaskView.h */ = {isa = PBXFileReference; fileEncoding = 4; lastKnownFileType = sourcecode.c.h; path = KTImageMaskView.h; sourceTree = "<group>"; };
		681346191BAFFE2800FF8887 /* KTimageMaskView.m */ = {isa = PBXFileReference; fileEncoding = 4; lastKnownFileType = sourcecode.c.objc; path = KTimageMaskView.m; sourceTree = "<group>"; };
		6813461A1BAFFE2800FF8887 /* KTScrollViewController.h */ = {isa = PBXFileReference; fileEncoding = 4; lastKnownFileType = sourcecode.c.h; path = KTScrollViewController.h; sourceTree = "<group>"; };
		6813461B1BAFFE2800FF8887 /* KTScrollViewController.m */ = {isa = PBXFileReference; fileEncoding = 4; lastKnownFileType = sourcecode.c.objc; path = KTScrollViewController.m; sourceTree = "<group>"; };
		6813461C1BAFFE2800FF8887 /* KTSmallImage.h */ = {isa = PBXFileReference; fileEncoding = 4; lastKnownFileType = sourcecode.c.h; path = KTSmallImage.h; sourceTree = "<group>"; };
		6813461D1BAFFE2800FF8887 /* KTSmallImage.m */ = {isa = PBXFileReference; fileEncoding = 4; lastKnownFileType = sourcecode.c.objc; path = KTSmallImage.m; sourceTree = "<group>"; };
		687466D71BD47716004C309D /* Images.xcassets */ = {isa = PBXFileReference; lastKnownFileType = folder.assetcatalog; path = Images.xcassets; sourceTree = "<group>"; };
		6C90FC0012A91827A711432B /* Pods.release.xcconfig */ = {isa = PBXFileReference; includeInIndex = 1; lastKnownFileType = text.xcconfig; name = Pods.release.xcconfig; path = "Pods/Target Support Files/Pods/Pods.release.xcconfig"; sourceTree = "<group>"; };
		F2D484EE6D5BDBA967252176 /* libPods.a */ = {isa = PBXFileReference; explicitFileType = archive.ar; includeInIndex = 0; path = libPods.a; sourceTree = BUILT_PRODUCTS_DIR; };
/* End PBXFileReference section */

/* Begin PBXFrameworksBuildPhase section */
		681345DA1BAFFD9C00FF8887 /* Frameworks */ = {
			isa = PBXFrameworksBuildPhase;
			buildActionMask = 2147483647;
			files = (
				3BDC437BC0C9E662D0CAE88B /* libPods.a in Frameworks */,
			);
			runOnlyForDeploymentPostprocessing = 0;
		};
		681345F31BAFFD9C00FF8887 /* Frameworks */ = {
			isa = PBXFrameworksBuildPhase;
			buildActionMask = 2147483647;
			files = (
			);
			runOnlyForDeploymentPostprocessing = 0;
		};
/* End PBXFrameworksBuildPhase section */

/* Begin PBXGroup section */
		3A7A32F85DB9F0150FA05880 /* Pods */ = {
			isa = PBXGroup;
			children = (
				5721FBF6652E6BA723CEF7F5 /* Pods.debug.xcconfig */,
				6C90FC0012A91827A711432B /* Pods.release.xcconfig */,
			);
			name = Pods;
			sourceTree = "<group>";
		};
		681345D41BAFFD9C00FF8887 = {
			isa = PBXGroup;
			children = (
				681345DF1BAFFD9C00FF8887 /* KTImageBrowseDemo */,
				681345F91BAFFD9C00FF8887 /* KTImageBrowseDemoTests */,
				681345DE1BAFFD9C00FF8887 /* Products */,
				3A7A32F85DB9F0150FA05880 /* Pods */,
				9EBE0E6A8CA42E7821061D38 /* Frameworks */,
			);
			sourceTree = "<group>";
		};
		681345DE1BAFFD9C00FF8887 /* Products */ = {
			isa = PBXGroup;
			children = (
				681345DD1BAFFD9C00FF8887 /* KTImageBrowseDemo.app */,
				681345F61BAFFD9C00FF8887 /* KTImageBrowseDemoTests.xctest */,
			);
			name = Products;
			sourceTree = "<group>";
		};
		681345DF1BAFFD9C00FF8887 /* KTImageBrowseDemo */ = {
			isa = PBXGroup;
			children = (
				681346081BAFFE0F00FF8887 /* KTImageBrowse */,
				681345E41BAFFD9C00FF8887 /* AppDelegate.h */,
				681345E51BAFFD9C00FF8887 /* AppDelegate.m */,
				681345E71BAFFD9C00FF8887 /* ViewController.h */,
				681345E81BAFFD9C00FF8887 /* ViewController.m */,
				681345EA1BAFFD9C00FF8887 /* Main.storyboard */,
				6813460B1BAFFE2800FF8887 /* appIcon60.png */,
				681345EF1BAFFD9C00FF8887 /* LaunchScreen.xib */,
				687466D71BD47716004C309D /* Images.xcassets */,
				681345E01BAFFD9C00FF8887 /* Supporting Files */,
			);
			path = KTImageBrowseDemo;
			sourceTree = "<group>";
		};
		681345E01BAFFD9C00FF8887 /* Supporting Files */ = {
			isa = PBXGroup;
			children = (
				681345E11BAFFD9C00FF8887 /* Info.plist */,
				681345E21BAFFD9C00FF8887 /* main.m */,
			);
			name = "Supporting Files";
			sourceTree = "<group>";
		};
		681345F91BAFFD9C00FF8887 /* KTImageBrowseDemoTests */ = {
			isa = PBXGroup;
			children = (
				681345FC1BAFFD9C00FF8887 /* KTImageBrowseDemoTests.m */,
				681345FA1BAFFD9C00FF8887 /* Supporting Files */,
			);
			path = KTImageBrowseDemoTests;
			sourceTree = "<group>";
		};
		681345FA1BAFFD9C00FF8887 /* Supporting Files */ = {
			isa = PBXGroup;
			children = (
				681345FB1BAFFD9C00FF8887 /* Info.plist */,
			);
			name = "Supporting Files";
			sourceTree = "<group>";
		};
		681346081BAFFE0F00FF8887 /* KTImageBrowse */ = {
			isa = PBXGroup;
			children = (
				681346161BAFFE2800FF8887 /* KTImageBrowse.h */,
				681346171BAFFE2800FF8887 /* KTImageBrowse.m */,
				681346101BAFFE2800FF8887 /* KTImageData.h */,
				681346111BAFFE2800FF8887 /* KTImageData.m */,
				681346121BAFFE2800FF8887 /* KTImageModel.h */,
				681346131BAFFE2800FF8887 /* KTImageModel.m */,
				681346181BAFFE2800FF8887 /* KTImageMaskView.h */,
				681346191BAFFE2800FF8887 /* KTimageMaskView.m */,
				681346141BAFFE2800FF8887 /* KTImgScrollView.h */,
				681346151BAFFE2800FF8887 /* KTImgScrollView.m */,
				6813461C1BAFFE2800FF8887 /* KTSmallImage.h */,
				6813461D1BAFFE2800FF8887 /* KTSmallImage.m */,
				6813460E1BAFFE2800FF8887 /* KTDownloadPicViewController.h */,
				6813460F1BAFFE2800FF8887 /* KTDownloadPicViewController.m */,
				6813460C1BAFFE2800FF8887 /* KTBrowseViewController.h */,
				6813460D1BAFFE2800FF8887 /* KTBrowseViewController.m */,
				6813461A1BAFFE2800FF8887 /* KTScrollViewController.h */,
				6813461B1BAFFE2800FF8887 /* KTScrollViewController.m */,
			);
			name = KTImageBrowse;
			sourceTree = "<group>";
		};
		9EBE0E6A8CA42E7821061D38 /* Frameworks */ = {
			isa = PBXGroup;
			children = (
				F2D484EE6D5BDBA967252176 /* libPods.a */,
			);
			name = Frameworks;
			sourceTree = "<group>";
		};
/* End PBXGroup section */

/* Begin PBXNativeTarget section */
		681345DC1BAFFD9C00FF8887 /* KTImageBrowseDemo */ = {
			isa = PBXNativeTarget;
			buildConfigurationList = 681346001BAFFD9C00FF8887 /* Build configuration list for PBXNativeTarget "KTImageBrowseDemo" */;
			buildPhases = (
				CE192AA87B01E97E1FAEECE3 /* Check Pods Manifest.lock */,
				681345D91BAFFD9C00FF8887 /* Sources */,
				681345DA1BAFFD9C00FF8887 /* Frameworks */,
				681345DB1BAFFD9C00FF8887 /* Resources */,
				3C56EBF80DC048CEDFB75678 /* Copy Pods Resources */,
			);
			buildRules = (
			);
			dependencies = (
			);
			name = KTImageBrowseDemo;
			productName = KTImageBrowseDemo;
			productReference = 681345DD1BAFFD9C00FF8887 /* KTImageBrowseDemo.app */;
			productType = "com.apple.product-type.application";
		};
		681345F51BAFFD9C00FF8887 /* KTImageBrowseDemoTests */ = {
			isa = PBXNativeTarget;
			buildConfigurationList = 681346031BAFFD9C00FF8887 /* Build configuration list for PBXNativeTarget "KTImageBrowseDemoTests" */;
			buildPhases = (
				681345F21BAFFD9C00FF8887 /* Sources */,
				681345F31BAFFD9C00FF8887 /* Frameworks */,
				681345F41BAFFD9C00FF8887 /* Resources */,
			);
			buildRules = (
			);
			dependencies = (
				681345F81BAFFD9C00FF8887 /* PBXTargetDependency */,
			);
			name = KTImageBrowseDemoTests;
			productName = KTImageBrowseDemoTests;
			productReference = 681345F61BAFFD9C00FF8887 /* KTImageBrowseDemoTests.xctest */;
			productType = "com.apple.product-type.bundle.unit-test";
		};
/* End PBXNativeTarget section */

/* Begin PBXProject section */
		681345D51BAFFD9C00FF8887 /* Project object */ = {
			isa = PBXProject;
			attributes = {
				LastUpgradeCheck = 0700;
				ORGANIZATIONNAME = KT;
				TargetAttributes = {
					681345DC1BAFFD9C00FF8887 = {
						CreatedOnToolsVersion = 6.4;
					};
					681345F51BAFFD9C00FF8887 = {
						CreatedOnToolsVersion = 6.4;
						TestTargetID = 681345DC1BAFFD9C00FF8887;
					};
				};
			};
			buildConfigurationList = 681345D81BAFFD9C00FF8887 /* Build configuration list for PBXProject "KTImageBrowseDemo" */;
			compatibilityVersion = "Xcode 3.2";
			developmentRegion = English;
			hasScannedForEncodings = 0;
			knownRegions = (
				en,
				Base,
			);
			mainGroup = 681345D41BAFFD9C00FF8887;
			productRefGroup = 681345DE1BAFFD9C00FF8887 /* Products */;
			projectDirPath = "";
			projectRoot = "";
			targets = (
				681345DC1BAFFD9C00FF8887 /* KTImageBrowseDemo */,
				681345F51BAFFD9C00FF8887 /* KTImageBrowseDemoTests */,
			);
		};
/* End PBXProject section */

/* Begin PBXResourcesBuildPhase section */
		681345DB1BAFFD9C00FF8887 /* Resources */ = {
			isa = PBXResourcesBuildPhase;
			buildActionMask = 2147483647;
			files = (
				681346201BAFFE2800FF8887 /* appIcon60.png in Resources */,
				681345EC1BAFFD9C00FF8887 /* Main.storyboard in Resources */,
				687466D81BD47716004C309D /* Images.xcassets in Resources */,
				681345F11BAFFD9C00FF8887 /* LaunchScreen.xib in Resources */,
			);
			runOnlyForDeploymentPostprocessing = 0;
		};
		681345F41BAFFD9C00FF8887 /* Resources */ = {
			isa = PBXResourcesBuildPhase;
			buildActionMask = 2147483647;
			files = (
			);
			runOnlyForDeploymentPostprocessing = 0;
		};
/* End PBXResourcesBuildPhase section */

/* Begin PBXShellScriptBuildPhase section */
		3C56EBF80DC048CEDFB75678 /* Copy Pods Resources */ = {
			isa = PBXShellScriptBuildPhase;
			buildActionMask = 2147483647;
			files = (
			);
			inputPaths = (
			);
			name = "Copy Pods Resources";
			outputPaths = (
			);
			runOnlyForDeploymentPostprocessing = 0;
			shellPath = /bin/sh;
			shellScript = "\"${SRCROOT}/Pods/Target Support Files/Pods/Pods-resources.sh\"\n";
			showEnvVarsInLog = 0;
		};
		CE192AA87B01E97E1FAEECE3 /* Check Pods Manifest.lock */ = {
			isa = PBXShellScriptBuildPhase;
			buildActionMask = 2147483647;
			files = (
			);
			inputPaths = (
			);
			name = "Check Pods Manifest.lock";
			outputPaths = (
			);
			runOnlyForDeploymentPostprocessing = 0;
			shellPath = /bin/sh;
			shellScript = "diff \"${PODS_ROOT}/../Podfile.lock\" \"${PODS_ROOT}/Manifest.lock\" > /dev/null\nif [[ $? != 0 ]] ; then\n    cat << EOM\nerror: The sandbox is not in sync with the Podfile.lock. Run 'pod install' or update your CocoaPods installation.\nEOM\n    exit 1\nfi\n";
			showEnvVarsInLog = 0;
		};
/* End PBXShellScriptBuildPhase section */

/* Begin PBXSourcesBuildPhase section */
		681345D91BAFFD9C00FF8887 /* Sources */ = {
			isa = PBXSourcesBuildPhase;
			buildActionMask = 2147483647;
			files = (
				68BF03BB1BD0F3A200825F0F /* main.m in Sources */,
				68BF03B01BD0F38100825F0F /* KTBrowseViewController.m in Sources */,
				68BF03B11BD0F38100825F0F /* KTDownloadPicViewController.m in Sources */,
				68BF03B21BD0F38100825F0F /* KTImageData.m in Sources */,
				68BF03B31BD0F38100825F0F /* KTImageModel.m in Sources */,
				68BF03B41BD0F38100825F0F /* KTImgScrollView.m in Sources */,
				68BF03B51BD0F38100825F0F /* KTImageBrowse.m in Sources */,
				68BF03B61BD0F38100825F0F /* KTimageMaskView.m in Sources */,
				68BF03B71BD0F38100825F0F /* KTScrollViewController.m in Sources */,
				68BF03B81BD0F38100825F0F /* KTSmallImage.m in Sources */,
				68BF03B91BD0F38100825F0F /* AppDelegate.m in Sources */,
				68BF03BA1BD0F38100825F0F /* ViewController.m in Sources */,
			);
			runOnlyForDeploymentPostprocessing = 0;
		};
		681345F21BAFFD9C00FF8887 /* Sources */ = {
			isa = PBXSourcesBuildPhase;
			buildActionMask = 2147483647;
			files = (
				681345FD1BAFFD9C00FF8887 /* KTImageBrowseDemoTests.m in Sources */,
			);
			runOnlyForDeploymentPostprocessing = 0;
		};
/* End PBXSourcesBuildPhase section */

/* Begin PBXTargetDependency section */
		681345F81BAFFD9C00FF8887 /* PBXTargetDependency */ = {
			isa = PBXTargetDependency;
			target = 681345DC1BAFFD9C00FF8887 /* KTImageBrowseDemo */;
			targetProxy = 681345F71BAFFD9C00FF8887 /* PBXContainerItemProxy */;
		};
/* End PBXTargetDependency section */

/* Begin PBXVariantGroup section */
		681345EA1BAFFD9C00FF8887 /* Main.storyboard */ = {
			isa = PBXVariantGroup;
			children = (
				681345EB1BAFFD9C00FF8887 /* Base */,
			);
			name = Main.storyboard;
			sourceTree = "<group>";
		};
		681345EF1BAFFD9C00FF8887 /* LaunchScreen.xib */ = {
			isa = PBXVariantGroup;
			children = (
				681345F01BAFFD9C00FF8887 /* Base */,
			);
			name = LaunchScreen.xib;
			sourceTree = "<group>";
		};
/* End PBXVariantGroup section */

/* Begin XCBuildConfiguration section */
		681345FE1BAFFD9C00FF8887 /* Debug */ = {
			isa = XCBuildConfiguration;
			buildSettings = {
				ALWAYS_SEARCH_USER_PATHS = NO;
				CLANG_CXX_LANGUAGE_STANDARD = "gnu++0x";
				CLANG_CXX_LIBRARY = "libc++";
				CLANG_ENABLE_MODULES = YES;
				CLANG_ENABLE_OBJC_ARC = YES;
				CLANG_WARN_BOOL_CONVERSION = YES;
				CLANG_WARN_CONSTANT_CONVERSION = YES;
				CLANG_WARN_DIRECT_OBJC_ISA_USAGE = YES_ERROR;
				CLANG_WARN_EMPTY_BODY = YES;
				CLANG_WARN_ENUM_CONVERSION = YES;
				CLANG_WARN_INT_CONVERSION = YES;
				CLANG_WARN_OBJC_ROOT_CLASS = YES_ERROR;
				CLANG_WARN_UNREACHABLE_CODE = YES;
				CLANG_WARN__DUPLICATE_METHOD_MATCH = YES;
				"CODE_SIGN_IDENTITY[sdk=iphoneos*]" = "iPhone Developer";
				COPY_PHASE_STRIP = NO;
				DEBUG_INFORMATION_FORMAT = "dwarf-with-dsym";
				ENABLE_STRICT_OBJC_MSGSEND = YES;
				ENABLE_TESTABILITY = YES;
				GCC_C_LANGUAGE_STANDARD = gnu99;
				GCC_DYNAMIC_NO_PIC = NO;
				GCC_NO_COMMON_BLOCKS = YES;
				GCC_OPTIMIZATION_LEVEL = 0;
				GCC_PREPROCESSOR_DEFINITIONS = (
					"DEBUG=1",
					"$(inherited)",
				);
				GCC_SYMBOLS_PRIVATE_EXTERN = NO;
				GCC_WARN_64_TO_32_BIT_CONVERSION = YES;
				GCC_WARN_ABOUT_RETURN_TYPE = YES_ERROR;
				GCC_WARN_UNDECLARED_SELECTOR = YES;
				GCC_WARN_UNINITIALIZED_AUTOS = YES_AGGRESSIVE;
				GCC_WARN_UNUSED_FUNCTION = YES;
				GCC_WARN_UNUSED_VARIABLE = YES;
				IPHONEOS_DEPLOYMENT_TARGET = 8.4;
				MTL_ENABLE_DEBUG_INFO = YES;
				ONLY_ACTIVE_ARCH = YES;
				SDKROOT = iphoneos;
			};
			name = Debug;
		};
		681345FF1BAFFD9C00FF8887 /* Release */ = {
			isa = XCBuildConfiguration;
			buildSettings = {
				ALWAYS_SEARCH_USER_PATHS = NO;
				CLANG_CXX_LANGUAGE_STANDARD = "gnu++0x";
				CLANG_CXX_LIBRARY = "libc++";
				CLANG_ENABLE_MODULES = YES;
				CLANG_ENABLE_OBJC_ARC = YES;
				CLANG_WARN_BOOL_CONVERSION = YES;
				CLANG_WARN_CONSTANT_CONVERSION = YES;
				CLANG_WARN_DIRECT_OBJC_ISA_USAGE = YES_ERROR;
				CLANG_WARN_EMPTY_BODY = YES;
				CLANG_WARN_ENUM_CONVERSION = YES;
				CLANG_WARN_INT_CONVERSION = YES;
				CLANG_WARN_OBJC_ROOT_CLASS = YES_ERROR;
				CLANG_WARN_UNREACHABLE_CODE = YES;
				CLANG_WARN__DUPLICATE_METHOD_MATCH = YES;
				"CODE_SIGN_IDENTITY[sdk=iphoneos*]" = "iPhone Developer";
				COPY_PHASE_STRIP = NO;
				DEBUG_INFORMATION_FORMAT = "dwarf-with-dsym";
				ENABLE_NS_ASSERTIONS = NO;
				ENABLE_STRICT_OBJC_MSGSEND = YES;
				GCC_C_LANGUAGE_STANDARD = gnu99;
				GCC_NO_COMMON_BLOCKS = YES;
				GCC_WARN_64_TO_32_BIT_CONVERSION = YES;
				GCC_WARN_ABOUT_RETURN_TYPE = YES_ERROR;
				GCC_WARN_UNDECLARED_SELECTOR = YES;
				GCC_WARN_UNINITIALIZED_AUTOS = YES_AGGRESSIVE;
				GCC_WARN_UNUSED_FUNCTION = YES;
				GCC_WARN_UNUSED_VARIABLE = YES;
				IPHONEOS_DEPLOYMENT_TARGET = 8.4;
				MTL_ENABLE_DEBUG_INFO = NO;
				SDKROOT = iphoneos;
				VALIDATE_PRODUCT = YES;
			};
			name = Release;
		};
		681346011BAFFD9C00FF8887 /* Debug */ = {
			isa = XCBuildConfiguration;
			baseConfigurationReference = 5721FBF6652E6BA723CEF7F5 /* Pods.debug.xcconfig */;
			buildSettings = {
				ASSETCATALOG_COMPILER_APPICON_NAME = AppIcon;
				INFOPLIST_FILE = KTImageBrowseDemo/Info.plist;
				LD_RUNPATH_SEARCH_PATHS = "$(inherited) @executable_path/Frameworks";
				PRODUCT_BUNDLE_IDENTIFIER = "KT.ReZaiChengDu.$(PRODUCT_NAME:rfc1034identifier)";
				PRODUCT_NAME = "$(TARGET_NAME)";
			};
			name = Debug;
		};
		681346021BAFFD9C00FF8887 /* Release */ = {
			isa = XCBuildConfiguration;
			baseConfigurationReference = 6C90FC0012A91827A711432B /* Pods.release.xcconfig */;
			buildSettings = {
				ASSETCATALOG_COMPILER_APPICON_NAME = AppIcon;
				INFOPLIST_FILE = KTImageBrowseDemo/Info.plist;
				LD_RUNPATH_SEARCH_PATHS = "$(inherited) @executable_path/Frameworks";
				PRODUCT_BUNDLE_IDENTIFIER = "KT.ReZaiChengDu.$(PRODUCT_NAME:rfc1034identifier)";
				PRODUCT_NAME = "$(TARGET_NAME)";
			};
			name = Release;
		};
		681346041BAFFD9C00FF8887 /* Debug */ = {
			isa = XCBuildConfiguration;
			buildSettings = {
				BUNDLE_LOADER = "$(TEST_HOST)";
				FRAMEWORK_SEARCH_PATHS = (
					"$(SDKROOT)/Developer/Library/Frameworks",
					"$(inherited)",
				);
				GCC_PREPROCESSOR_DEFINITIONS = (
					"DEBUG=1",
					"$(inherited)",
				);
				INFOPLIST_FILE = KTImageBrowseDemoTests/Info.plist;
				LD_RUNPATH_SEARCH_PATHS = "$(inherited) @executable_path/Frameworks @loader_path/Frameworks";
				PRODUCT_BUNDLE_IDENTIFIER = "KT.ReZaiChengDu.$(PRODUCT_NAME:rfc1034identifier)";
				PRODUCT_NAME = "$(TARGET_NAME)";
				TEST_HOST = "$(BUILT_PRODUCTS_DIR)/KTImageBrowseDemo.app/KTImageBrowseDemo";
			};
			name = Debug;
		};
		681346051BAFFD9C00FF8887 /* Release */ = {
			isa = XCBuildConfiguration;
			buildSettings = {
				BUNDLE_LOADER = "$(TEST_HOST)";
				FRAMEWORK_SEARCH_PATHS = (
					"$(SDKROOT)/Developer/Library/Frameworks",
					"$(inherited)",
				);
				INFOPLIST_FILE = KTImageBrowseDemoTests/Info.plist;
				LD_RUNPATH_SEARCH_PATHS = "$(inherited) @executable_path/Frameworks @loader_path/Frameworks";
				PRODUCT_BUNDLE_IDENTIFIER = "KT.ReZaiChengDu.$(PRODUCT_NAME:rfc1034identifier)";
				PRODUCT_NAME = "$(TARGET_NAME)";
				TEST_HOST = "$(BUILT_PRODUCTS_DIR)/KTImageBrowseDemo.app/KTImageBrowseDemo";
			};
			name = Release;
		};
/* End XCBuildConfiguration section */

/* Begin XCConfigurationList section */
		681345D81BAFFD9C00FF8887 /* Build configuration list for PBXProject "KTImageBrowseDemo" */ = {
			isa = XCConfigurationList;
			buildConfigurations = (
				681345FE1BAFFD9C00FF8887 /* Debug */,
				681345FF1BAFFD9C00FF8887 /* Release */,
			);
			defaultConfigurationIsVisible = 0;
			defaultConfigurationName = Release;
		};
		681346001BAFFD9C00FF8887 /* Build configuration list for PBXNativeTarget "KTImageBrowseDemo" */ = {
			isa = XCConfigurationList;
			buildConfigurations = (
				681346011BAFFD9C00FF8887 /* Debug */,
				681346021BAFFD9C00FF8887 /* Release */,
			);
			defaultConfigurationIsVisible = 0;
			defaultConfigurationName = Release;
		};
		681346031BAFFD9C00FF8887 /* Build configuration list for PBXNativeTarget "KTImageBrowseDemoTests" */ = {
			isa = XCConfigurationList;
			buildConfigurations = (
				681346041BAFFD9C00FF8887 /* Debug */,
				681346051BAFFD9C00FF8887 /* Release */,
			);
			defaultConfigurationIsVisible = 0;
			defaultConfigurationName = Release;
		};
/* End XCConfigurationList section */
	};
	rootObject = 681345D51BAFFD9C00FF8887 /* Project object */;
}
